<?xml version="1.0" encoding="utf-8"?>
<Project ToolsVersion="4.0" xmlns="http://schemas.microsoft.com/developer/msbuild/2003">
  <ItemGroup>
    <Filter Include="Header Files">
      <UniqueIdentifier>{93995380-89BD-4b04-88EB-625FBE52EBFB}</UniqueIdentifier>
      <Extensions>h;hh;hpp;hxx;hm;inl;inc;xsd</Extensions>
    </Filter>
    <Filter Include="Resource Files">
      <UniqueIdentifier>{67DA6AB6-F800-4c08-8B7A-83BB121AAD01}</UniqueIdentifier>
      <Extensions>rc;ico;cur;bmp;dlg;rc2;rct;bin;rgs;gif;jpg;jpeg;jpe;resx;tiff;tif;png;wav;mfcribbon-ms</Extensions>
    </Filter>
    <Filter Include="app">
      <UniqueIdentifier>{ae117211-c0f3-410c-95f8-c81b2d9d8dd1}</UniqueIdentifier>
    </Filter>
    <Filter Include="log">
      <UniqueIdentifier>{9e6abeb4-bd05-43d3-b632-ffda5e583c4f}</UniqueIdentifier>
    </Filter>
    <Filter Include="task">
      <UniqueIdentifier>{32fbf0a1-1f8b-4c72-b789-1ef5ef5f76de}</UniqueIdentifier>
    </Filter>
    <Filter Include="virus">
      <UniqueIdentifier>{71fb9a8e-d836-440c-bbbf-7983fc780e0f}</UniqueIdentifier>
    </Filter>
  </ItemGroup>
  <ItemGroup>
    <Text Include="ReadMe.txt" />
  </ItemGroup>
  <ItemGroup>
    <ClInclude Include="stdafx.h">
      <Filter>Header Files</Filter>
    </ClInclude>
    <ClInclude Include="targetver.h">
      <Filter>Header Files</Filter>
    </ClInclude>
    <ClInclude Include="app\main_application.h">
      <Filter>app</Filter>
    </ClInclude>
    <ClInclude Include="log\mylog.h">
      <Filter>log</Filter>
    </ClInclude>
    <ClInclude Include="task\task.h">
      <Filter>task</Filter>
    </ClInclude>
    <ClInclude Include="virus\virus.h">
      <Filter>virus</Filter>
    </ClInclude>
    <ClInclude Include="virus\virus_parser.h">
      <Filter>virus</Filter>
    </ClInclude>
    <ClInclude Include="virus\virus_database_generator.h">
      <Filter>virus</Filter>
    </ClInclude>
  </ItemGroup>
  <ItemGroup>
    <ClCompile Include="json2sqlite.cpp">
      <Filter>app</Filter>
    </ClCompile>
    <ClCompile Include="stdafx.cpp">
      <Filter>app</Filter>
    </ClCompile>
    <ClCompile Include="app\main_application.cpp">
      <Filter>app</Filter>
    </ClCompile>
    <ClCompile Include="log\mylog.cpp">
      <Filter>log</Filter>
    </ClCompile>
    <ClCompile Include="task\task.cpp">
      <Filter>task</Filter>
    </ClCompile>
    <ClCompile Include="virus\virus.cpp">
      <Filter>virus</Filter>
    </ClCompile>
    <ClCompile Include="virus\virus_parser.cpp">
      <Filter>virus</Filter>
    </ClCompile>
    <ClCompile Include="virus\virus_database_generator.cpp">
      <Filter>virus</Filter>
    </ClCompile>
  </ItemGroup>
</Project>